
Microsoft Visual Studio Solution File, Format Version 12.00
# Visual Studio Version 17
VisualStudioVersion = 17.12.35527.113
MinimumVisualStudioVersion = 10.0.40219.1
Project("{9A19103F-16F7-4668-BE54-9A1E7A4F7556}") = "net5-10-14", "net5-10-14\net5-10-14.csproj", "{D78F2B56-E820-44BA-BDEC-0033891332FD}"
EndProject
Project("{9A19103F-16F7-4668-BE54-9A1E7A4F7556}") = "电源MODBUS协议-53015", "电源MODBUS协议-53015\电源MODBUS协议-53015.csproj", "{9CE1DF07-D755-4D04-B575-16B0D30B47F7}"
EndProject
Project("{9A19103F-16F7-4668-BE54-9A1E7A4F7556}") = "直租变比", "直租变比\直租变比.csproj", "{4FE340E6-8121-439A-9E4D-2E9DCFF7323A}"
EndProject
Project("{9A19103F-16F7-4668-BE54-9A1E7A4F7556}") = "MSK-36密度变速器表", "MSK-36密度变速器表\MSK-36密度变速器表.csproj", "{07126A72-EDA6-45B2-BE73-B57F10450B2A}"
EndProject
Project("{9A19103F-16F7-4668-BE54-9A1E7A4F7556}") = "功率分析仪NP3000", "功率分析仪NP3000\功率分析仪NP3000.csproj", "{8EAF5C3D-83D4-4D81-A36A-4C5E961E1F71}"
EndProject
Project("{9A19103F-16F7-4668-BE54-9A1E7A4F7556}") = "铁芯实验", "铁芯实验\铁芯实验.csproj", "{ED33298F-DBCE-476B-BE29-D3B40BF954EB}"
EndProject
Project("{9A19103F-16F7-4668-BE54-9A1E7A4F7556}") = "维通利智耐压台", "维通利智耐压台\维通利智耐压台.csproj", "{A1335BF2-5BB9-49A6-B86A-E3AA9C3A21A9}"
EndProject
Project("{9A19103F-16F7-4668-BE54-9A1E7A4F7556}") = "WpfApp外观UI", "WpfApp外观UI\WpfApp外观UI.csproj", "{13B76E6B-49D1-480E-B477-4EA9676FE5F1}"
EndProject
Project("{9A19103F-16F7-4668-BE54-9A1E7A4F7556}") = "Blazor必须8空工程只能7", "Blazor必须8空工程只能7\Blazor必须8空工程只能7.csproj", "{E9A98F93-A528-411B-B3A6-217568AB8DB0}"
EndProject
Project("{9A19103F-16F7-4668-BE54-9A1E7A4F7556}") = "PLCNET5-11-9", "PLCNET5-11-9\PLCNET5-11-9.csproj", "{0076F044-5844-4601-9B7C-B570E44BA3C5}"
EndProject
Project("{9A19103F-16F7-4668-BE54-9A1E7A4F7556}") = "PLCNET5电容塔", "PLCNET5电容塔\PLCNET5电容塔.csproj", "{3557C6B0-BD95-40B7-A09A-47C554A22590}"
EndProject
Project("{9A19103F-16F7-4668-BE54-9A1E7A4F7556}") = "PLCNET5电容塔升级", "PLCNET5电容塔升级\PLCNET5电容塔升级.csproj", "{E0F43043-2DC3-4A93-AC47-C7A232C3C5FD}"
EndProject
Project("{9A19103F-16F7-4668-BE54-9A1E7A4F7556}") = "Blazor基于Bootstrap", "Blazor基于Bootstrap\Blazor基于Bootstrap.csproj", "{C454D240-BA80-4618-80C7-5A3537FF2A61}"
EndProject
Project("{9A19103F-16F7-4668-BE54-9A1E7A4F7556}") = "我的地图", "我的地图\我的地图.csproj", "{057C08DC-D9D2-4E91-8FB7-8864AA7BC8FF}"
EndProject
Project("{FAE04EC0-301F-11D3-BF4B-00C04F79EFBC}") = "第一次prism", "第一次prism\第一次prism.csproj", "{7BEDDCFA-885A-4C22-9F87-6689B19A876D}"
EndProject
Project("{FAE04EC0-301F-11D3-BF4B-00C04F79EFBC}") = "第一次prism_DeviceModule", "第一次prism_DeviceModule\第一次prism_DeviceModule.csproj", "{A62992BC-4B3B-4D1B-89A2-E7430F296ADF}"
EndProject
Project("{FAE04EC0-301F-11D3-BF4B-00C04F79EFBC}") = "WpfApp外观UI满", "WpfApp外观UI满\WpfApp外观UI满.csproj", "{62E4ADA8-183F-4672-8728-6DEC3993F8B7}"
EndProject
Project("{FAE04EC0-301F-11D3-BF4B-00C04F79EFBC}") = "空载-负载", "空载-负载\空载-负载.csproj", "{C13CB173-20B8-4446-8E64-FC728D8A4EB1}"
EndProject
Project("{FAE04EC0-301F-11D3-BF4B-00C04F79EFBC}") = "空载负载", "空载负载\空载负载.csproj", "{BD985CB5-FDF9-4780-ABFD-EBC4782B854E}"
EndProject
Project("{FAE04EC0-301F-11D3-BF4B-00C04F79EFBC}") = "学习-控制台", "学习-控制台\学习-控制台.csproj", "{6E73829D-D7E7-4B90-9003-367E17738E2F}"
EndProject
Project("{FAE04EC0-301F-11D3-BF4B-00C04F79EFBC}") = "学习WebApi的通讯方式", "学习WebApi的通讯方式\学习WebApi的通讯方式.csproj", "{2B18B746-D47B-4EEB-9F94-F89171498014}"
EndProject
Project("{FAE04EC0-301F-11D3-BF4B-00C04F79EFBC}") = "童文君第一个prism", "童文君第一个prism\童文君第一个prism.csproj", "{D54A2143-A91D-420A-A8A6-91CC279EDA05}"
EndProject
Project("{2150E333-8FDC-42A3-9474-1A3956D46DE8}") = "1.项目启动", "1.项目启动", "{75CF0F11-2720-4DAB-999D-526903D3E32B}"
EndProject
Project("{FAE04EC0-301F-11D3-BF4B-00C04F79EFBC}") = "童文君第一个Prism项目", "童文君第一个Prism项目\童文君第一个Prism项目.csproj", "{A05B0E1B-F54C-4103-8C56-10FCF1456610}"
EndProject
Project("{FAE04EC0-301F-11D3-BF4B-00C04F79EFBC}") = "童文君第一个Prism项目菜单模块第一个菜单", "童文君第一个Prism项目菜单模块第一个菜单\童文君第一个Prism项目菜单模块第一个菜单.csproj", "{752920C4-BF38-4A8D-BCF5-BB945867C7D0}"
EndProject
Project("{FAE04EC0-301F-11D3-BF4B-00C04F79EFBC}") = "单纯WPF撸框架", "单纯WPF撸框架\单纯WPF撸框架.csproj", "{89C4AA7E-FE37-4286-AD5C-2384C7090B50}"
EndProject
Project("{2150E333-8FDC-42A3-9474-1A3956D46DE8}") = "汽车项目空白的引用net5", "汽车项目空白的引用net5", "{DB4B6129-0DDA-4141-97F2-139A590AB8BA}"
EndProject
Project("{2150E333-8FDC-42A3-9474-1A3956D46DE8}") = "client", "client", "{48628C69-62CD-419D-AEEA-5C1FD20E11D4}"
EndProject
Project("{2150E333-8FDC-42A3-9474-1A3956D46DE8}") = "server", "server", "{A9EEA703-28D1-46E9-BA07-66ADAE0E2841}"
EndProject
Project("{2150E333-8FDC-42A3-9474-1A3956D46DE8}") = "weiapi", "weiapi", "{C5CF6F6A-7F28-481D-935B-A2290A0B700C}"
EndProject
Project("{FAE04EC0-301F-11D3-BF4B-00C04F79EFBC}") = "汽车服务端", "汽车服务端\汽车服务端.csproj", "{9EB3C4E0-71C4-4A2C-94F2-E36B58037D1B}"
EndProject
Project("{FAE04EC0-301F-11D3-BF4B-00C04F79EFBC}") = "服务端访问数据类库", "服务端访问数据类库\服务端访问数据类库.csproj", "{B99400CB-A00A-4D8F-908D-09DA816FE584}"
EndProject
Project("{2150E333-8FDC-42A3-9474-1A3956D46DE8}") = "start", "start", "{2DA507E0-2F48-4624-8E0B-FC8D4644FDBF}"
EndProject
Project("{FAE04EC0-301F-11D3-BF4B-00C04F79EFBC}") = "车库客户端Prism入口", "车库客户端Prism入口\车库客户端Prism入口.csproj", "{3655CC88-1633-4C62-BC09-556B559B640F}"
EndProject
Project("{2150E333-8FDC-42A3-9474-1A3956D46DE8}") = "Interface", "Interface", "{0042B1ED-DF4B-424C-A6B7-4CF33EFF0A3E}"
EndProject
Project("{2150E333-8FDC-42A3-9474-1A3956D46DE8}") = "Models", "Models", "{1957DE84-5452-4B20-9BDC-48948D106957}"
EndProject
Project("{FAE04EC0-301F-11D3-BF4B-00C04F79EFBC}") = "左侧菜单", "左侧菜单\左侧菜单.csproj", "{7A0781F4-F319-43FF-AEC5-F098DB89DC78}"
EndProject
Project("{FAE04EC0-301F-11D3-BF4B-00C04F79EFBC}") = "用户模块", "用户模块\用户模块.csproj", "{C2BD3B74-A2D6-4DE0-B378-7651746C1A67}"
EndProject
Project("{FAE04EC0-301F-11D3-BF4B-00C04F79EFBC}") = "Assets", "Assets\Assets.csproj", "{A8296E01-9F9C-449D-8792-9B390CF5803C}"
EndProject
Project("{FAE04EC0-301F-11D3-BF4B-00C04F79EFBC}") = "公共类", "公共类\公共类.csproj", "{6059FF21-8181-4F32-AF66-85FD8F3BA4BD}"
EndProject
Project("{FAE04EC0-301F-11D3-BF4B-00C04F79EFBC}") = "车库客户端WPF接口类库", "车库客户端WPF接口类库\车库客户端WPF接口类库.csproj", "{E1DD23DB-3BD4-4045-A929-BF64D596951B}"
EndProject
Project("{2150E333-8FDC-42A3-9474-1A3956D46DE8}") = "自己动手", "自己动手", "{5174CC6B-D060-45C9-AB4E-E557481CE946}"
EndProject
Project("{FAE04EC0-301F-11D3-BF4B-00C04F79EFBC}") = "自己动手1", "自己动手1\自己动手1.csproj", "{9B803832-FD70-470C-80A5-4AB08A9C510B}"
EndProject
Project("{FAE04EC0-301F-11D3-BF4B-00C04F79EFBC}") = "上位机推送", "上位机推送\上位机推送.csproj", "{BC0B70E2-A7E6-46B5-AC4E-B3ECBF8896E2}"
EndProject
Project("{FAE04EC0-301F-11D3-BF4B-00C04F79EFBC}") = "串口测试", "串口测试\串口测试.csproj", "{485F9D98-FE22-4A60-A073-0BCFA791B1BB}"
EndProject
Project("{FAE04EC0-301F-11D3-BF4B-00C04F79EFBC}") = "Zhaoxi.Controls", "Zhaoxi.Controls\Zhaoxi.Controls.csproj", "{AA979577-A340-48E8-B7CF-4C95EE082EC8}"
EndProject
Global
	GlobalSection(SolutionConfigurationPlatforms) = preSolution
		Debug|Any CPU = Debug|Any CPU
		Release|Any CPU = Release|Any CPU
	EndGlobalSection
	GlobalSection(ProjectConfigurationPlatforms) = postSolution
		{D78F2B56-E820-44BA-BDEC-0033891332FD}.Debug|Any CPU.ActiveCfg = Debug|Any CPU
		{D78F2B56-E820-44BA-BDEC-0033891332FD}.Debug|Any CPU.Build.0 = Debug|Any CPU
		{D78F2B56-E820-44BA-BDEC-0033891332FD}.Release|Any CPU.ActiveCfg = Release|Any CPU
		{D78F2B56-E820-44BA-BDEC-0033891332FD}.Release|Any CPU.Build.0 = Release|Any CPU
		{9CE1DF07-D755-4D04-B575-16B0D30B47F7}.Debug|Any CPU.ActiveCfg = Debug|Any CPU
		{9CE1DF07-D755-4D04-B575-16B0D30B47F7}.Debug|Any CPU.Build.0 = Debug|Any CPU
		{9CE1DF07-D755-4D04-B575-16B0D30B47F7}.Release|Any CPU.ActiveCfg = Release|Any CPU
		{9CE1DF07-D755-4D04-B575-16B0D30B47F7}.Release|Any CPU.Build.0 = Release|Any CPU
		{4FE340E6-8121-439A-9E4D-2E9DCFF7323A}.Debug|Any CPU.ActiveCfg = Debug|Any CPU
		{4FE340E6-8121-439A-9E4D-2E9DCFF7323A}.Debug|Any CPU.Build.0 = Debug|Any CPU
		{4FE340E6-8121-439A-9E4D-2E9DCFF7323A}.Release|Any CPU.ActiveCfg = Release|Any CPU
		{4FE340E6-8121-439A-9E4D-2E9DCFF7323A}.Release|Any CPU.Build.0 = Release|Any CPU
		{07126A72-EDA6-45B2-BE73-B57F10450B2A}.Debug|Any CPU.ActiveCfg = Debug|Any CPU
		{07126A72-EDA6-45B2-BE73-B57F10450B2A}.Debug|Any CPU.Build.0 = Debug|Any CPU
		{07126A72-EDA6-45B2-BE73-B57F10450B2A}.Release|Any CPU.ActiveCfg = Release|Any CPU
		{07126A72-EDA6-45B2-BE73-B57F10450B2A}.Release|Any CPU.Build.0 = Release|Any CPU
		{8EAF5C3D-83D4-4D81-A36A-4C5E961E1F71}.Debug|Any CPU.ActiveCfg = Debug|Any CPU
		{8EAF5C3D-83D4-4D81-A36A-4C5E961E1F71}.Debug|Any CPU.Build.0 = Debug|Any CPU
		{8EAF5C3D-83D4-4D81-A36A-4C5E961E1F71}.Release|Any CPU.ActiveCfg = Release|Any CPU
		{8EAF5C3D-83D4-4D81-A36A-4C5E961E1F71}.Release|Any CPU.Build.0 = Release|Any CPU
		{ED33298F-DBCE-476B-BE29-D3B40BF954EB}.Debug|Any CPU.ActiveCfg = Debug|Any CPU
		{ED33298F-DBCE-476B-BE29-D3B40BF954EB}.Debug|Any CPU.Build.0 = Debug|Any CPU
		{ED33298F-DBCE-476B-BE29-D3B40BF954EB}.Release|Any CPU.ActiveCfg = Release|Any CPU
		{ED33298F-DBCE-476B-BE29-D3B40BF954EB}.Release|Any CPU.Build.0 = Release|Any CPU
		{A1335BF2-5BB9-49A6-B86A-E3AA9C3A21A9}.Debug|Any CPU.ActiveCfg = Debug|Any CPU
		{A1335BF2-5BB9-49A6-B86A-E3AA9C3A21A9}.Debug|Any CPU.Build.0 = Debug|Any CPU
		{A1335BF2-5BB9-49A6-B86A-E3AA9C3A21A9}.Release|Any CPU.ActiveCfg = Release|Any CPU
		{A1335BF2-5BB9-49A6-B86A-E3AA9C3A21A9}.Release|Any CPU.Build.0 = Release|Any CPU
		{13B76E6B-49D1-480E-B477-4EA9676FE5F1}.Debug|Any CPU.ActiveCfg = Debug|Any CPU
		{13B76E6B-49D1-480E-B477-4EA9676FE5F1}.Debug|Any CPU.Build.0 = Debug|Any CPU
		{13B76E6B-49D1-480E-B477-4EA9676FE5F1}.Release|Any CPU.ActiveCfg = Release|Any CPU
		{13B76E6B-49D1-480E-B477-4EA9676FE5F1}.Release|Any CPU.Build.0 = Release|Any CPU
		{E9A98F93-A528-411B-B3A6-217568AB8DB0}.Debug|Any CPU.ActiveCfg = Debug|Any CPU
		{E9A98F93-A528-411B-B3A6-217568AB8DB0}.Debug|Any CPU.Build.0 = Debug|Any CPU
		{E9A98F93-A528-411B-B3A6-217568AB8DB0}.Release|Any CPU.ActiveCfg = Release|Any CPU
		{E9A98F93-A528-411B-B3A6-217568AB8DB0}.Release|Any CPU.Build.0 = Release|Any CPU
		{0076F044-5844-4601-9B7C-B570E44BA3C5}.Debug|Any CPU.ActiveCfg = Debug|Any CPU
		{0076F044-5844-4601-9B7C-B570E44BA3C5}.Debug|Any CPU.Build.0 = Debug|Any CPU
		{0076F044-5844-4601-9B7C-B570E44BA3C5}.Release|Any CPU.ActiveCfg = Release|Any CPU
		{0076F044-5844-4601-9B7C-B570E44BA3C5}.Release|Any CPU.Build.0 = Release|Any CPU
		{3557C6B0-BD95-40B7-A09A-47C554A22590}.Debug|Any CPU.ActiveCfg = Debug|Any CPU
		{3557C6B0-BD95-40B7-A09A-47C554A22590}.Debug|Any CPU.Build.0 = Debug|Any CPU
		{3557C6B0-BD95-40B7-A09A-47C554A22590}.Release|Any CPU.ActiveCfg = Release|Any CPU
		{3557C6B0-BD95-40B7-A09A-47C554A22590}.Release|Any CPU.Build.0 = Release|Any CPU
		{E0F43043-2DC3-4A93-AC47-C7A232C3C5FD}.Debug|Any CPU.ActiveCfg = Debug|Any CPU
		{E0F43043-2DC3-4A93-AC47-C7A232C3C5FD}.Debug|Any CPU.Build.0 = Debug|Any CPU
		{E0F43043-2DC3-4A93-AC47-C7A232C3C5FD}.Release|Any CPU.ActiveCfg = Release|Any CPU
		{E0F43043-2DC3-4A93-AC47-C7A232C3C5FD}.Release|Any CPU.Build.0 = Release|Any CPU
		{C454D240-BA80-4618-80C7-5A3537FF2A61}.Debug|Any CPU.ActiveCfg = Debug|Any CPU
		{C454D240-BA80-4618-80C7-5A3537FF2A61}.Debug|Any CPU.Build.0 = Debug|Any CPU
		{C454D240-BA80-4618-80C7-5A3537FF2A61}.Release|Any CPU.ActiveCfg = Release|Any CPU
		{C454D240-BA80-4618-80C7-5A3537FF2A61}.Release|Any CPU.Build.0 = Release|Any CPU
		{057C08DC-D9D2-4E91-8FB7-8864AA7BC8FF}.Debug|Any CPU.ActiveCfg = Debug|Any CPU
		{057C08DC-D9D2-4E91-8FB7-8864AA7BC8FF}.Debug|Any CPU.Build.0 = Debug|Any CPU
		{057C08DC-D9D2-4E91-8FB7-8864AA7BC8FF}.Release|Any CPU.ActiveCfg = Release|Any CPU
		{057C08DC-D9D2-4E91-8FB7-8864AA7BC8FF}.Release|Any CPU.Build.0 = Release|Any CPU
		{7BEDDCFA-885A-4C22-9F87-6689B19A876D}.Debug|Any CPU.ActiveCfg = Debug|Any CPU
		{7BEDDCFA-885A-4C22-9F87-6689B19A876D}.Debug|Any CPU.Build.0 = Debug|Any CPU
		{7BEDDCFA-885A-4C22-9F87-6689B19A876D}.Release|Any CPU.ActiveCfg = Release|Any CPU
		{7BEDDCFA-885A-4C22-9F87-6689B19A876D}.Release|Any CPU.Build.0 = Release|Any CPU
		{A62992BC-4B3B-4D1B-89A2-E7430F296ADF}.Debug|Any CPU.ActiveCfg = Debug|Any CPU
		{A62992BC-4B3B-4D1B-89A2-E7430F296ADF}.Debug|Any CPU.Build.0 = Debug|Any CPU
		{A62992BC-4B3B-4D1B-89A2-E7430F296ADF}.Release|Any CPU.ActiveCfg = Release|Any CPU
		{A62992BC-4B3B-4D1B-89A2-E7430F296ADF}.Release|Any CPU.Build.0 = Release|Any CPU
		{62E4ADA8-183F-4672-8728-6DEC3993F8B7}.Debug|Any CPU.ActiveCfg = Debug|Any CPU
		{62E4ADA8-183F-4672-8728-6DEC3993F8B7}.Debug|Any CPU.Build.0 = Debug|Any CPU
		{62E4ADA8-183F-4672-8728-6DEC3993F8B7}.Release|Any CPU.ActiveCfg = Release|Any CPU
		{62E4ADA8-183F-4672-8728-6DEC3993F8B7}.Release|Any CPU.Build.0 = Release|Any CPU
		{C13CB173-20B8-4446-8E64-FC728D8A4EB1}.Debug|Any CPU.ActiveCfg = Debug|Any CPU
		{C13CB173-20B8-4446-8E64-FC728D8A4EB1}.Debug|Any CPU.Build.0 = Debug|Any CPU
		{C13CB173-20B8-4446-8E64-FC728D8A4EB1}.Release|Any CPU.ActiveCfg = Release|Any CPU
		{C13CB173-20B8-4446-8E64-FC728D8A4EB1}.Release|Any CPU.Build.0 = Release|Any CPU
		{BD985CB5-FDF9-4780-ABFD-EBC4782B854E}.Debug|Any CPU.ActiveCfg = Debug|Any CPU
		{BD985CB5-FDF9-4780-ABFD-EBC4782B854E}.Debug|Any CPU.Build.0 = Debug|Any CPU
		{BD985CB5-FDF9-4780-ABFD-EBC4782B854E}.Release|Any CPU.ActiveCfg = Release|Any CPU
		{BD985CB5-FDF9-4780-ABFD-EBC4782B854E}.Release|Any CPU.Build.0 = Release|Any CPU
		{6E73829D-D7E7-4B90-9003-367E17738E2F}.Debug|Any CPU.ActiveCfg = Debug|Any CPU
		{6E73829D-D7E7-4B90-9003-367E17738E2F}.Debug|Any CPU.Build.0 = Debug|Any CPU
		{6E73829D-D7E7-4B90-9003-367E17738E2F}.Release|Any CPU.ActiveCfg = Release|Any CPU
		{6E73829D-D7E7-4B90-9003-367E17738E2F}.Release|Any CPU.Build.0 = Release|Any CPU
		{2B18B746-D47B-4EEB-9F94-F89171498014}.Debug|Any CPU.ActiveCfg = Debug|Any CPU
		{2B18B746-D47B-4EEB-9F94-F89171498014}.Debug|Any CPU.Build.0 = Debug|Any CPU
		{2B18B746-D47B-4EEB-9F94-F89171498014}.Release|Any CPU.ActiveCfg = Release|Any CPU
		{2B18B746-D47B-4EEB-9F94-F89171498014}.Release|Any CPU.Build.0 = Release|Any CPU
		{D54A2143-A91D-420A-A8A6-91CC279EDA05}.Debug|Any CPU.ActiveCfg = Debug|Any CPU
		{D54A2143-A91D-420A-A8A6-91CC279EDA05}.Debug|Any CPU.Build.0 = Debug|Any CPU
		{D54A2143-A91D-420A-A8A6-91CC279EDA05}.Release|Any CPU.ActiveCfg = Release|Any CPU
		{D54A2143-A91D-420A-A8A6-91CC279EDA05}.Release|Any CPU.Build.0 = Release|Any CPU
		{A05B0E1B-F54C-4103-8C56-10FCF1456610}.Debug|Any CPU.ActiveCfg = Debug|Any CPU
		{A05B0E1B-F54C-4103-8C56-10FCF1456610}.Debug|Any CPU.Build.0 = Debug|Any CPU
		{A05B0E1B-F54C-4103-8C56-10FCF1456610}.Release|Any CPU.ActiveCfg = Release|Any CPU
		{A05B0E1B-F54C-4103-8C56-10FCF1456610}.Release|Any CPU.Build.0 = Release|Any CPU
		{752920C4-BF38-4A8D-BCF5-BB945867C7D0}.Debug|Any CPU.ActiveCfg = Debug|Any CPU
		{752920C4-BF38-4A8D-BCF5-BB945867C7D0}.Debug|Any CPU.Build.0 = Debug|Any CPU
		{752920C4-BF38-4A8D-BCF5-BB945867C7D0}.Release|Any CPU.ActiveCfg = Release|Any CPU
		{752920C4-BF38-4A8D-BCF5-BB945867C7D0}.Release|Any CPU.Build.0 = Release|Any CPU
		{89C4AA7E-FE37-4286-AD5C-2384C7090B50}.Debug|Any CPU.ActiveCfg = Debug|Any CPU
		{89C4AA7E-FE37-4286-AD5C-2384C7090B50}.Debug|Any CPU.Build.0 = Debug|Any CPU
		{89C4AA7E-FE37-4286-AD5C-2384C7090B50}.Release|Any CPU.ActiveCfg = Release|Any CPU
		{89C4AA7E-FE37-4286-AD5C-2384C7090B50}.Release|Any CPU.Build.0 = Release|Any CPU
		{9EB3C4E0-71C4-4A2C-94F2-E36B58037D1B}.Debug|Any CPU.ActiveCfg = Debug|Any CPU
		{9EB3C4E0-71C4-4A2C-94F2-E36B58037D1B}.Debug|Any CPU.Build.0 = Debug|Any CPU
		{9EB3C4E0-71C4-4A2C-94F2-E36B58037D1B}.Release|Any CPU.ActiveCfg = Release|Any CPU
		{9EB3C4E0-71C4-4A2C-94F2-E36B58037D1B}.Release|Any CPU.Build.0 = Release|Any CPU
		{B99400CB-A00A-4D8F-908D-09DA816FE584}.Debug|Any CPU.ActiveCfg = Debug|Any CPU
		{B99400CB-A00A-4D8F-908D-09DA816FE584}.Debug|Any CPU.Build.0 = Debug|Any CPU
		{B99400CB-A00A-4D8F-908D-09DA816FE584}.Release|Any CPU.ActiveCfg = Release|Any CPU
		{B99400CB-A00A-4D8F-908D-09DA816FE584}.Release|Any CPU.Build.0 = Release|Any CPU
		{3655CC88-1633-4C62-BC09-556B559B640F}.Debug|Any CPU.ActiveCfg = Debug|Any CPU
		{3655CC88-1633-4C62-BC09-556B559B640F}.Debug|Any CPU.Build.0 = Debug|Any CPU
		{3655CC88-1633-4C62-BC09-556B559B640F}.Release|Any CPU.ActiveCfg = Release|Any CPU
		{3655CC88-1633-4C62-BC09-556B559B640F}.Release|Any CPU.Build.0 = Release|Any CPU
		{7A0781F4-F319-43FF-AEC5-F098DB89DC78}.Debug|Any CPU.ActiveCfg = Debug|Any CPU
		{7A0781F4-F319-43FF-AEC5-F098DB89DC78}.Debug|Any CPU.Build.0 = Debug|Any CPU
		{7A0781F4-F319-43FF-AEC5-F098DB89DC78}.Release|Any CPU.ActiveCfg = Release|Any CPU
		{7A0781F4-F319-43FF-AEC5-F098DB89DC78}.Release|Any CPU.Build.0 = Release|Any CPU
		{C2BD3B74-A2D6-4DE0-B378-7651746C1A67}.Debug|Any CPU.ActiveCfg = Debug|Any CPU
		{C2BD3B74-A2D6-4DE0-B378-7651746C1A67}.Debug|Any CPU.Build.0 = Debug|Any CPU
		{C2BD3B74-A2D6-4DE0-B378-7651746C1A67}.Release|Any CPU.ActiveCfg = Release|Any CPU
		{C2BD3B74-A2D6-4DE0-B378-7651746C1A67}.Release|Any CPU.Build.0 = Release|Any CPU
		{A8296E01-9F9C-449D-8792-9B390CF5803C}.Debug|Any CPU.ActiveCfg = Debug|Any CPU
		{A8296E01-9F9C-449D-8792-9B390CF5803C}.Debug|Any CPU.Build.0 = Debug|Any CPU
		{A8296E01-9F9C-449D-8792-9B390CF5803C}.Release|Any CPU.ActiveCfg = Release|Any CPU
		{A8296E01-9F9C-449D-8792-9B390CF5803C}.Release|Any CPU.Build.0 = Release|Any CPU
		{6059FF21-8181-4F32-AF66-85FD8F3BA4BD}.Debug|Any CPU.ActiveCfg = Debug|Any CPU
		{6059FF21-8181-4F32-AF66-85FD8F3BA4BD}.Debug|Any CPU.Build.0 = Debug|Any CPU
		{6059FF21-8181-4F32-AF66-85FD8F3BA4BD}.Release|Any CPU.ActiveCfg = Release|Any CPU
		{6059FF21-8181-4F32-AF66-85FD8F3BA4BD}.Release|Any CPU.Build.0 = Release|Any CPU
		{E1DD23DB-3BD4-4045-A929-BF64D596951B}.Debug|Any CPU.ActiveCfg = Debug|Any CPU
		{E1DD23DB-3BD4-4045-A929-BF64D596951B}.Debug|Any CPU.Build.0 = Debug|Any CPU
		{E1DD23DB-3BD4-4045-A929-BF64D596951B}.Release|Any CPU.ActiveCfg = Release|Any CPU
		{E1DD23DB-3BD4-4045-A929-BF64D596951B}.Release|Any CPU.Build.0 = Release|Any CPU
		{9B803832-FD70-470C-80A5-4AB08A9C510B}.Debug|Any CPU.ActiveCfg = Debug|Any CPU
		{9B803832-FD70-470C-80A5-4AB08A9C510B}.Debug|Any CPU.Build.0 = Debug|Any CPU
		{9B803832-FD70-470C-80A5-4AB08A9C510B}.Release|Any CPU.ActiveCfg = Release|Any CPU
		{9B803832-FD70-470C-80A5-4AB08A9C510B}.Release|Any CPU.Build.0 = Release|Any CPU
		{BC0B70E2-A7E6-46B5-AC4E-B3ECBF8896E2}.Debug|Any CPU.ActiveCfg = Debug|Any CPU
		{BC0B70E2-A7E6-46B5-AC4E-B3ECBF8896E2}.Debug|Any CPU.Build.0 = Debug|Any CPU
		{BC0B70E2-A7E6-46B5-AC4E-B3ECBF8896E2}.Release|Any CPU.ActiveCfg = Release|Any CPU
		{BC0B70E2-A7E6-46B5-AC4E-B3ECBF8896E2}.Release|Any CPU.Build.0 = Release|Any CPU
		{485F9D98-FE22-4A60-A073-0BCFA791B1BB}.Debug|Any CPU.ActiveCfg = Debug|Any CPU
		{485F9D98-FE22-4A60-A073-0BCFA791B1BB}.Debug|Any CPU.Build.0 = Debug|Any CPU
		{485F9D98-FE22-4A60-A073-0BCFA791B1BB}.Release|Any CPU.ActiveCfg = Release|Any CPU
		{485F9D98-FE22-4A60-A073-0BCFA791B1BB}.Release|Any CPU.Build.0 = Release|Any CPU
		{AA979577-A340-48E8-B7CF-4C95EE082EC8}.Debug|Any CPU.ActiveCfg = Debug|Any CPU
		{AA979577-A340-48E8-B7CF-4C95EE082EC8}.Debug|Any CPU.Build.0 = Debug|Any CPU
		{AA979577-A340-48E8-B7CF-4C95EE082EC8}.Release|Any CPU.ActiveCfg = Release|Any CPU
		{AA979577-A340-48E8-B7CF-4C95EE082EC8}.Release|Any CPU.Build.0 = Release|Any CPU
	EndGlobalSection
	GlobalSection(SolutionProperties) = preSolution
		HideSolutionNode = FALSE
	EndGlobalSection
	GlobalSection(NestedProjects) = preSolution
		{A05B0E1B-F54C-4103-8C56-10FCF1456610} = {75CF0F11-2720-4DAB-999D-526903D3E32B}
		{752920C4-BF38-4A8D-BCF5-BB945867C7D0} = {75CF0F11-2720-4DAB-999D-526903D3E32B}
		{48628C69-62CD-419D-AEEA-5C1FD20E11D4} = {DB4B6129-0DDA-4141-97F2-139A590AB8BA}
		{A9EEA703-28D1-46E9-BA07-66ADAE0E2841} = {DB4B6129-0DDA-4141-97F2-139A590AB8BA}
		{C5CF6F6A-7F28-481D-935B-A2290A0B700C} = {A9EEA703-28D1-46E9-BA07-66ADAE0E2841}
		{9EB3C4E0-71C4-4A2C-94F2-E36B58037D1B} = {C5CF6F6A-7F28-481D-935B-A2290A0B700C}
		{B99400CB-A00A-4D8F-908D-09DA816FE584} = {C5CF6F6A-7F28-481D-935B-A2290A0B700C}
		{2DA507E0-2F48-4624-8E0B-FC8D4644FDBF} = {48628C69-62CD-419D-AEEA-5C1FD20E11D4}
		{3655CC88-1633-4C62-BC09-556B559B640F} = {2DA507E0-2F48-4624-8E0B-FC8D4644FDBF}
		{0042B1ED-DF4B-424C-A6B7-4CF33EFF0A3E} = {48628C69-62CD-419D-AEEA-5C1FD20E11D4}
		{1957DE84-5452-4B20-9BDC-48948D106957} = {48628C69-62CD-419D-AEEA-5C1FD20E11D4}
		{7A0781F4-F319-43FF-AEC5-F098DB89DC78} = {1957DE84-5452-4B20-9BDC-48948D106957}
		{C2BD3B74-A2D6-4DE0-B378-7651746C1A67} = {1957DE84-5452-4B20-9BDC-48948D106957}
		{A8296E01-9F9C-449D-8792-9B390CF5803C} = {1957DE84-5452-4B20-9BDC-48948D106957}
		{6059FF21-8181-4F32-AF66-85FD8F3BA4BD} = {1957DE84-5452-4B20-9BDC-48948D106957}
		{E1DD23DB-3BD4-4045-A929-BF64D596951B} = {0042B1ED-DF4B-424C-A6B7-4CF33EFF0A3E}
		{9B803832-FD70-470C-80A5-4AB08A9C510B} = {5174CC6B-D060-45C9-AB4E-E557481CE946}
		{BC0B70E2-A7E6-46B5-AC4E-B3ECBF8896E2} = {5174CC6B-D060-45C9-AB4E-E557481CE946}
		{485F9D98-FE22-4A60-A073-0BCFA791B1BB} = {5174CC6B-D060-45C9-AB4E-E557481CE946}
		{AA979577-A340-48E8-B7CF-4C95EE082EC8} = {5174CC6B-D060-45C9-AB4E-E557481CE946}
	EndGlobalSection
	GlobalSection(ExtensibilityGlobals) = postSolution
		SolutionGuid = {E3B52457-CAF9-4B3D-A528-70CCF2C52C64}
	EndGlobalSection
EndGlobal
