
Microsoft Visual Studio Solution File, Format Version 12.00
# Visual Studio Version 17
VisualStudioVersion = 17.14.36429.23 d17.14
MinimumVisualStudioVersion = 10.0.40219.1
Project("{FAE04EC0-301F-11D3-BF4B-00C04F79EFBC}") = "THzIotPlatform", "THzIotMonitor\THzIotPlatform.csproj", "{4B50987E-89B4-43A9-ACA0-04557695AB93}"
EndProject
Global
	GlobalSection(SolutionConfigurationPlatforms) = preSolution
		Debug|Any CPU = Debug|Any CPU
		Release|Any CPU = Release|Any CPU
	EndGlobalSection
	GlobalSection(ProjectConfigurationPlatforms) = postSolution
		{4B50987E-89B4-43A9-ACA0-04557695AB93}.Debug|Any CPU.ActiveCfg = Debug|Any CPU
		{4B50987E-89B4-43A9-ACA0-04557695AB93}.Debug|Any CPU.Build.0 = Debug|Any CPU
		{4B50987E-89B4-43A9-ACA0-04557695AB93}.Release|Any CPU.ActiveCfg = Release|Any CPU
		{4B50987E-89B4-43A9-ACA0-04557695AB93}.Release|Any CPU.Build.0 = Release|Any CPU
	EndGlobalSection
	GlobalSection(SolutionProperties) = preSolution
		HideSolutionNode = FALSE
	EndGlobalSection
	GlobalSection(ExtensibilityGlobals) = postSolution
		SolutionGuid = {AD91E8ED-DC19-4A3E-ACE5-E6A4F7E1927C}
	EndGlobalSection
EndGlobal
